// !$*UTF8*$!
{
	archiveVersion = 1;
	classes = {
	};
	objectVersion = 46;
	objects = {

/* Begin PBXBuildFile section */
		3F7DDE341BF7BF750090E7E0 /* AppDelegate.swift in Sources */ = {isa = PBXBuildFile; fileRef = 3F7DDE331BF7BF750090E7E0 /* AppDelegate.swift */; };
		3F7DDE391BF7BF750090E7E0 /* Main.storyboard in Resources */ = {isa = PBXBuildFile; fileRef = 3F7DDE371BF7BF750090E7E0 /* Main.storyboard */; };
		3F7DDE3B1BF7BF750090E7E0 /* Assets.xcassets in Resources */ = {isa = PBXBuildFile; fileRef = 3F7DDE3A1BF7BF750090E7E0 /* Assets.xcassets */; };
		3F7DDE3E1BF7BF750090E7E0 /* LaunchScreen.storyboard in Resources */ = {isa = PBXBuildFile; fileRef = 3F7DDE3C1BF7BF750090E7E0 /* LaunchScreen.storyboard */; };
		3F7DDE491BF7BF750090E7E0 /* Grub_BuddiesTests.swift in Sources */ = {isa = PBXBuildFile; fileRef = 3F7DDE481BF7BF750090E7E0 /* Grub_BuddiesTests.swift */; };
		3F7DDE541BF7BF750090E7E0 /* Grub_BuddiesUITests.swift in Sources */ = {isa = PBXBuildFile; fileRef = 3F7DDE531BF7BF750090E7E0 /* Grub_BuddiesUITests.swift */; };
		3F7DDE631BF7D5BC0090E7E0 /* bg.webarchive in Resources */ = {isa = PBXBuildFile; fileRef = 3F7DDE621BF7D5BC0090E7E0 /* bg.webarchive */; };
		3F7DDE651BF7D6A80090E7E0 /* CheckinViewController.swift in Sources */ = {isa = PBXBuildFile; fileRef = 3F7DDE641BF7D6A80090E7E0 /* CheckinViewController.swift */; };
		3F7DDE671BF7D8A50090E7E0 /* PeopleListView.swift in Sources */ = {isa = PBXBuildFile; fileRef = 3F7DDE661BF7D8A50090E7E0 /* PeopleListView.swift */; };
		3F7DDE6B1BF7F1420090E7E0 /* ChatNavigationController.swift in Sources */ = {isa = PBXBuildFile; fileRef = 3F7DDE6A1BF7F1420090E7E0 /* ChatNavigationController.swift */; };
/* End PBXBuildFile section */

/* Begin PBXContainerItemProxy section */
		3F7DDE451BF7BF750090E7E0 /* PBXContainerItemProxy */ = {
			isa = PBXContainerItemProxy;
			containerPortal = 3F7DDE281BF7BF750090E7E0 /* Project object */;
			proxyType = 1;
			remoteGlobalIDString = 3F7DDE2F1BF7BF750090E7E0;
			remoteInfo = "Grub Buddies";
		};
		3F7DDE501BF7BF750090E7E0 /* PBXContainerItemProxy */ = {
			isa = PBXContainerItemProxy;
			containerPortal = 3F7DDE281BF7BF750090E7E0 /* Project object */;
			proxyType = 1;
			remoteGlobalIDString = 3F7DDE2F1BF7BF750090E7E0;
			remoteInfo = "Grub Buddies";
		};
/* End PBXContainerItemProxy section */

/* Begin PBXFileReference section */
		3F7DDE301BF7BF750090E7E0 /* Grub Buddies.app */ = {isa = PBXFileReference; explicitFileType = wrapper.application; includeInIndex = 0; path = "Grub Buddies.app"; sourceTree = BUILT_PRODUCTS_DIR; };
		3F7DDE331BF7BF750090E7E0 /* AppDelegate.swift */ = {isa = PBXFileReference; lastKnownFileType = sourcecode.swift; path = AppDelegate.swift; sourceTree = "<group>"; };
		3F7DDE381BF7BF750090E7E0 /* Base */ = {isa = PBXFileReference; lastKnownFileType = file.storyboard; name = Base; path = Base.lproj/Main.storyboard; sourceTree = "<group>"; };
		3F7DDE3A1BF7BF750090E7E0 /* Assets.xcassets */ = {isa = PBXFileReference; lastKnownFileType = folder.assetcatalog; path = Assets.xcassets; sourceTree = "<group>"; };
		3F7DDE3D1BF7BF750090E7E0 /* Base */ = {isa = PBXFileReference; lastKnownFileType = file.storyboard; name = Base; path = Base.lproj/LaunchScreen.storyboard; sourceTree = "<group>"; };
		3F7DDE3F1BF7BF750090E7E0 /* Info.plist */ = {isa = PBXFileReference; lastKnownFileType = text.plist.xml; path = Info.plist; sourceTree = "<group>"; };
		3F7DDE441BF7BF750090E7E0 /* Grub BuddiesTests.xctest */ = {isa = PBXFileReference; explicitFileType = wrapper.cfbundle; includeInIndex = 0; path = "Grub BuddiesTests.xctest"; sourceTree = BUILT_PRODUCTS_DIR; };
		3F7DDE481BF7BF750090E7E0 /* Grub_BuddiesTests.swift */ = {isa = PBXFileReference; lastKnownFileType = sourcecode.swift; path = Grub_BuddiesTests.swift; sourceTree = "<group>"; };
		3F7DDE4A1BF7BF750090E7E0 /* Info.plist */ = {isa = PBXFileReference; lastKnownFileType = text.plist.xml; path = Info.plist; sourceTree = "<group>"; };
		3F7DDE4F1BF7BF750090E7E0 /* Grub BuddiesUITests.xctest */ = {isa = PBXFileReference; explicitFileType = wrapper.cfbundle; includeInIndex = 0; path = "Grub BuddiesUITests.xctest"; sourceTree = BUILT_PRODUCTS_DIR; };
		3F7DDE531BF7BF750090E7E0 /* Grub_BuddiesUITests.swift */ = {isa = PBXFileReference; lastKnownFileType = sourcecode.swift; path = Grub_BuddiesUITests.swift; sourceTree = "<group>"; };
		3F7DDE551BF7BF750090E7E0 /* Info.plist */ = {isa = PBXFileReference; lastKnownFileType = text.plist.xml; path = Info.plist; sourceTree = "<group>"; };
		3F7DDE621BF7D5BC0090E7E0 /* bg.webarchive */ = {isa = PBXFileReference; lastKnownFileType = file.bplist; path = bg.webarchive; sourceTree = "<group>"; };
		3F7DDE641BF7D6A80090E7E0 /* CheckinViewController.swift */ = {isa = PBXFileReference; fileEncoding = 4; lastKnownFileType = sourcecode.swift; path = CheckinViewController.swift; sourceTree = "<group>"; };
		3F7DDE661BF7D8A50090E7E0 /* PeopleListView.swift */ = {isa = PBXFileReference; fileEncoding = 4; lastKnownFileType = sourcecode.swift; path = PeopleListView.swift; sourceTree = "<group>"; };
		3F7DDE6A1BF7F1420090E7E0 /* ChatNavigationController.swift */ = {isa = PBXFileReference; fileEncoding = 4; lastKnownFileType = sourcecode.swift; path = ChatNavigationController.swift; sourceTree = "<group>"; };
/* End PBXFileReference section */

/* Begin PBXFrameworksBuildPhase section */
		3F7DDE2D1BF7BF750090E7E0 /* Frameworks */ = {
			isa = PBXFrameworksBuildPhase;
			buildActionMask = 2147483647;
			files = (
			);
			runOnlyForDeploymentPostprocessing = 0;
		};
		3F7DDE411BF7BF750090E7E0 /* Frameworks */ = {
			isa = PBXFrameworksBuildPhase;
			buildActionMask = 2147483647;
			files = (
			);
			runOnlyForDeploymentPostprocessing = 0;
		};
		3F7DDE4C1BF7BF750090E7E0 /* Frameworks */ = {
			isa = PBXFrameworksBuildPhase;
			buildActionMask = 2147483647;
			files = (
			);
			runOnlyForDeploymentPostprocessing = 0;
		};
/* End PBXFrameworksBuildPhase section */

/* Begin PBXGroup section */
		3F7DDE271BF7BF750090E7E0 = {
			isa = PBXGroup;
			children = (
				3F7DDE321BF7BF750090E7E0 /* Grub Buddies */,
				3F7DDE471BF7BF750090E7E0 /* Grub BuddiesTests */,
				3F7DDE521BF7BF750090E7E0 /* Grub BuddiesUITests */,
				3F7DDE311BF7BF750090E7E0 /* Products */,
			);
			sourceTree = "<group>";
		};
		3F7DDE311BF7BF750090E7E0 /* Products */ = {
			isa = PBXGroup;
			children = (
				3F7DDE301BF7BF750090E7E0 /* Grub Buddies.app */,
				3F7DDE441BF7BF750090E7E0 /* Grub BuddiesTests.xctest */,
				3F7DDE4F1BF7BF750090E7E0 /* Grub BuddiesUITests.xctest */,
			);
			name = Products;
			sourceTree = "<group>";
		};
		3F7DDE321BF7BF750090E7E0 /* Grub Buddies */ = {
			isa = PBXGroup;
			children = (
				3F7DDE611BF7D59E0090E7E0 /* Images */,
				3F7DDE331BF7BF750090E7E0 /* AppDelegate.swift */,
				3F7DDE371BF7BF750090E7E0 /* Main.storyboard */,
				3F7DDE6A1BF7F1420090E7E0 /* ChatNavigationController.swift */,
				3F7DDE661BF7D8A50090E7E0 /* PeopleListView.swift */,
				3F7DDE641BF7D6A80090E7E0 /* CheckinViewController.swift */,
				3F7DDE3A1BF7BF750090E7E0 /* Assets.xcassets */,
				3F7DDE3C1BF7BF750090E7E0 /* LaunchScreen.storyboard */,
				3F7DDE3F1BF7BF750090E7E0 /* Info.plist */,
			);
			path = "Grub Buddies";
			sourceTree = "<group>";
		};
		3F7DDE471BF7BF750090E7E0 /* Grub BuddiesTests */ = {
			isa = PBXGroup;
			children = (
				3F7DDE481BF7BF750090E7E0 /* Grub_BuddiesTests.swift */,
				3F7DDE4A1BF7BF750090E7E0 /* Info.plist */,
			);
			path = "Grub BuddiesTests";
			sourceTree = "<group>";
		};
		3F7DDE521BF7BF750090E7E0 /* Grub BuddiesUITests */ = {
			isa = PBXGroup;
			children = (
				3F7DDE531BF7BF750090E7E0 /* Grub_BuddiesUITests.swift */,
				3F7DDE551BF7BF750090E7E0 /* Info.plist */,
			);
			path = "Grub BuddiesUITests";
			sourceTree = "<group>";
		};
		3F7DDE611BF7D59E0090E7E0 /* Images */ = {
			isa = PBXGroup;
			children = (
				3F7DDE621BF7D5BC0090E7E0 /* bg.webarchive */,
			);
			name = Images;
			sourceTree = "<group>";
		};
/* End PBXGroup section */

/* Begin PBXNativeTarget section */
		3F7DDE2F1BF7BF750090E7E0 /* Grub Buddies */ = {
			isa = PBXNativeTarget;
			buildConfigurationList = 3F7DDE581BF7BF750090E7E0 /* Build configuration list for PBXNativeTarget "Grub Buddies" */;
			buildPhases = (
				3F7DDE2C1BF7BF750090E7E0 /* Sources */,
				3F7DDE2D1BF7BF750090E7E0 /* Frameworks */,
				3F7DDE2E1BF7BF750090E7E0 /* Resources */,
			);
			buildRules = (
			);
			dependencies = (
			);
			name = "Grub Buddies";
			productName = "Grub Buddies";
			productReference = 3F7DDE301BF7BF750090E7E0 /* Grub Buddies.app */;
			productType = "com.apple.product-type.application";
		};
		3F7DDE431BF7BF750090E7E0 /* Grub BuddiesTests */ = {
			isa = PBXNativeTarget;
			buildConfigurationList = 3F7DDE5B1BF7BF750090E7E0 /* Build configuration list for PBXNativeTarget "Grub BuddiesTests" */;
			buildPhases = (
				3F7DDE401BF7BF750090E7E0 /* Sources */,
				3F7DDE411BF7BF750090E7E0 /* Frameworks */,
				3F7DDE421BF7BF750090E7E0 /* Resources */,
			);
			buildRules = (
			);
			dependencies = (
				3F7DDE461BF7BF750090E7E0 /* PBXTargetDependency */,
			);
			name = "Grub BuddiesTests";
			productName = "Grub BuddiesTests";
			productReference = 3F7DDE441BF7BF750090E7E0 /* Grub BuddiesTests.xctest */;
			productType = "com.apple.product-type.bundle.unit-test";
		};
		3F7DDE4E1BF7BF750090E7E0 /* Grub BuddiesUITests */ = {
			isa = PBXNativeTarget;
			buildConfigurationList = 3F7DDE5E1BF7BF750090E7E0 /* Build configuration list for PBXNativeTarget "Grub BuddiesUITests" */;
			buildPhases = (
				3F7DDE4B1BF7BF750090E7E0 /* Sources */,
				3F7DDE4C1BF7BF750090E7E0 /* Frameworks */,
				3F7DDE4D1BF7BF750090E7E0 /* Resources */,
			);
			buildRules = (
			);
			dependencies = (
				3F7DDE511BF7BF750090E7E0 /* PBXTargetDependency */,
			);
			name = "Grub BuddiesUITests";
			productName = "Grub BuddiesUITests";
			productReference = 3F7DDE4F1BF7BF750090E7E0 /* Grub BuddiesUITests.xctest */;
			productType = "com.apple.product-type.bundle.ui-testing";
		};
/* End PBXNativeTarget section */

/* Begin PBXProject section */
		3F7DDE281BF7BF750090E7E0 /* Project object */ = {
			isa = PBXProject;
			attributes = {
				LastSwiftUpdateCheck = 0710;
				LastUpgradeCheck = 0710;
				ORGANIZATIONNAME = 2366Portlanders;
				TargetAttributes = {
					3F7DDE2F1BF7BF750090E7E0 = {
						CreatedOnToolsVersion = 7.1;
					};
					3F7DDE431BF7BF750090E7E0 = {
						CreatedOnToolsVersion = 7.1;
						TestTargetID = 3F7DDE2F1BF7BF750090E7E0;
					};
					3F7DDE4E1BF7BF750090E7E0 = {
						CreatedOnToolsVersion = 7.1;
						TestTargetID = 3F7DDE2F1BF7BF750090E7E0;
					};
				};
			};
			buildConfigurationList = 3F7DDE2B1BF7BF750090E7E0 /* Build configuration list for PBXProject "Grub Buddies" */;
			compatibilityVersion = "Xcode 3.2";
			developmentRegion = English;
			hasScannedForEncodings = 0;
			knownRegions = (
				en,
				Base,
			);
			mainGroup = 3F7DDE271BF7BF750090E7E0;
			productRefGroup = 3F7DDE311BF7BF750090E7E0 /* Products */;
			projectDirPath = "";
			projectRoot = "";
			targets = (
				3F7DDE2F1BF7BF750090E7E0 /* Grub Buddies */,
				3F7DDE431BF7BF750090E7E0 /* Grub BuddiesTests */,
				3F7DDE4E1BF7BF750090E7E0 /* Grub BuddiesUITests */,
			);
		};
/* End PBXProject section */

/* Begin PBXResourcesBuildPhase section */
		3F7DDE2E1BF7BF750090E7E0 /* Resources */ = {
			isa = PBXResourcesBuildPhase;
			buildActionMask = 2147483647;
			files = (
				3F7DDE631BF7D5BC0090E7E0 /* bg.webarchive in Resources */,
				3F7DDE3E1BF7BF750090E7E0 /* LaunchScreen.storyboard in Resources */,
				3F7DDE3B1BF7BF750090E7E0 /* Assets.xcassets in Resources */,
				3F7DDE391BF7BF750090E7E0 /* Main.storyboard in Resources */,
			);
			runOnlyForDeploymentPostprocessing = 0;
		};
		3F7DDE421BF7BF750090E7E0 /* Resources */ = {
			isa = PBXResourcesBuildPhase;
			buildActionMask = 2147483647;
			files = (
			);
			runOnlyForDeploymentPostprocessing = 0;
		};
		3F7DDE4D1BF7BF750090E7E0 /* Resources */ = {
			isa = PBXResourcesBuildPhase;
			buildActionMask = 2147483647;
			files = (
			);
			runOnlyForDeploymentPostprocessing = 0;
		};
/* End PBXResourcesBuildPhase section */

/* Begin PBXSourcesBuildPhase section */
		3F7DDE2C1BF7BF750090E7E0 /* Sources */ = {
			isa = PBXSourcesBuildPhase;
			buildActionMask = 2147483647;
			files = (
				3F7DDE651BF7D6A80090E7E0 /* CheckinViewController.swift in Sources */,
				3F7DDE6B1BF7F1420090E7E0 /* ChatNavigationController.swift in Sources */,
				3F7DDE671BF7D8A50090E7E0 /* PeopleListView.swift in Sources */,
				3F7DDE341BF7BF750090E7E0 /* AppDelegate.swift in Sources */,
			);
			runOnlyForDeploymentPostprocessing = 0;
		};
		3F7DDE401BF7BF750090E7E0 /* Sources */ = {
			isa = PBXSourcesBuildPhase;
			buildActionMask = 2147483647;
			files = (
				3F7DDE491BF7BF750090E7E0 /* Grub_BuddiesTests.swift in Sources */,
			);
			runOnlyForDeploymentPostprocessing = 0;
		};
		3F7DDE4B1BF7BF750090E7E0 /* Sources */ = {
			isa = PBXSourcesBuildPhase;
			buildActionMask = 2147483647;
			files = (
				3F7DDE541BF7BF750090E7E0 /* Grub_BuddiesUITests.swift in Sources */,
			);
			runOnlyForDeploymentPostprocessing = 0;
		};
/* End PBXSourcesBuildPhase section */

/* Begin PBXTargetDependency section */
		3F7DDE461BF7BF750090E7E0 /* PBXTargetDependency */ = {
			isa = PBXTargetDependency;
			target = 3F7DDE2F1BF7BF750090E7E0 /* Grub Buddies */;
			targetProxy = 3F7DDE451BF7BF750090E7E0 /* PBXContainerItemProxy */;
		};
		3F7DDE511BF7BF750090E7E0 /* PBXTargetDependency */ = {
			isa = PBXTargetDependency;
			target = 3F7DDE2F1BF7BF750090E7E0 /* Grub Buddies */;
			targetProxy = 3F7DDE501BF7BF750090E7E0 /* PBXContainerItemProxy */;
		};
/* End PBXTargetDependency section */

/* Begin PBXVariantGroup section */
		3F7DDE371BF7BF750090E7E0 /* Main.storyboard */ = {
			isa = PBXVariantGroup;
			children = (
				3F7DDE381BF7BF750090E7E0 /* Base */,
			);
			name = Main.storyboard;
			sourceTree = "<group>";
		};
		3F7DDE3C1BF7BF750090E7E0 /* LaunchScreen.storyboard */ = {
			isa = PBXVariantGroup;
			children = (
				3F7DDE3D1BF7BF750090E7E0 /* Base */,
			);
			name = LaunchScreen.storyboard;
			sourceTree = "<group>";
		};
/* End PBXVariantGroup section */

/* Begin XCBuildConfiguration section */
		3F7DDE561BF7BF750090E7E0 /* Debug */ = {
			isa = XCBuildConfiguration;
			buildSettings = {
				ALWAYS_SEARCH_USER_PATHS = NO;
				CLANG_CXX_LANGUAGE_STANDARD = "gnu++0x";
				CLANG_CXX_LIBRARY = "libc++";
				CLANG_ENABLE_MODULES = YES;
				CLANG_ENABLE_OBJC_ARC = YES;
				CLANG_WARN_BOOL_CONVERSION = YES;
				CLANG_WARN_CONSTANT_CONVERSION = YES;
				CLANG_WARN_DIRECT_OBJC_ISA_USAGE = YES_ERROR;
				CLANG_WARN_EMPTY_BODY = YES;
				CLANG_WARN_ENUM_CONVERSION = YES;
				CLANG_WARN_INT_CONVERSION = YES;
				CLANG_WARN_OBJC_ROOT_CLASS = YES_ERROR;
				CLANG_WARN_UNREACHABLE_CODE = YES;
				CLANG_WARN__DUPLICATE_METHOD_MATCH = YES;
				"CODE_SIGN_IDENTITY[sdk=iphoneos*]" = "iPhone Developer";
				COPY_PHASE_STRIP = NO;
				DEBUG_INFORMATION_FORMAT = dwarf;
				ENABLE_STRICT_OBJC_MSGSEND = YES;
				ENABLE_TESTABILITY = YES;
				GCC_C_LANGUAGE_STANDARD = gnu99;
				GCC_DYNAMIC_NO_PIC = NO;
				GCC_NO_COMMON_BLOCKS = YES;
				GCC_OPTIMIZATION_LEVEL = 0;
				GCC_PREPROCESSOR_DEFINITIONS = (
					"DEBUG=1",
					"$(inherited)",
				);
				GCC_WARN_64_TO_32_BIT_CONVERSION = YES;
				GCC_WARN_ABOUT_RETURN_TYPE = YES_ERROR;
				GCC_WARN_UNDECLARED_SELECTOR = YES;
				GCC_WARN_UNINITIALIZED_AUTOS = YES_AGGRESSIVE;
				GCC_WARN_UNUSED_FUNCTION = YES;
				GCC_WARN_UNUSED_VARIABLE = YES;
				IPHONEOS_DEPLOYMENT_TARGET = 9.1;
				MTL_ENABLE_DEBUG_INFO = YES;
				ONLY_ACTIVE_ARCH = YES;
				SDKROOT = iphoneos;
				SWIFT_OPTIMIZATION_LEVEL = "-Onone";
				TARGETED_DEVICE_FAMILY = "1,2";
			};
			name = Debug;
		};
		3F7DDE571BF7BF750090E7E0 /* Release */ = {
			isa = XCBuildConfiguration;
			buildSettings = {
				ALWAYS_SEARCH_USER_PATHS = NO;
				CLANG_CXX_LANGUAGE_STANDARD = "gnu++0x";
				CLANG_CXX_LIBRARY = "libc++";
				CLANG_ENABLE_MODULES = YES;
				CLANG_ENABLE_OBJC_ARC = YES;
				CLANG_WARN_BOOL_CONVERSION = YES;
				CLANG_WARN_CONSTANT_CONVERSION = YES;
				CLANG_WARN_DIRECT_OBJC_ISA_USAGE = YES_ERROR;
				CLANG_WARN_EMPTY_BODY = YES;
				CLANG_WARN_ENUM_CONVERSION = YES;
				CLANG_WARN_INT_CONVERSION = YES;
				CLANG_WARN_OBJC_ROOT_CLASS = YES_ERROR;
				CLANG_WARN_UNREACHABLE_CODE = YES;
				CLANG_WARN__DUPLICATE_METHOD_MATCH = YES;
				"CODE_SIGN_IDENTITY[sdk=iphoneos*]" = "iPhone Developer";
				COPY_PHASE_STRIP = NO;
				DEBUG_INFORMATION_FORMAT = "dwarf-with-dsym";
				ENABLE_NS_ASSERTIONS = NO;
				ENABLE_STRICT_OBJC_MSGSEND = YES;
				GCC_C_LANGUAGE_STANDARD = gnu99;
				GCC_NO_COMMON_BLOCKS = YES;
				GCC_WARN_64_TO_32_BIT_CONVERSION = YES;
				GCC_WARN_ABOUT_RETURN_TYPE = YES_ERROR;
				GCC_WARN_UNDECLARED_SELECTOR = YES;
				GCC_WARN_UNINITIALIZED_AUTOS = YES_AGGRESSIVE;
				GCC_WARN_UNUSED_FUNCTION = YES;
				GCC_WARN_UNUSED_VARIABLE = YES;
				IPHONEOS_DEPLOYMENT_TARGET = 9.1;
				MTL_ENABLE_DEBUG_INFO = NO;
				SDKROOT = iphoneos;
				TARGETED_DEVICE_FAMILY = "1,2";
				VALIDATE_PRODUCT = YES;
			};
			name = Release;
		};
		3F7DDE591BF7BF750090E7E0 /* Debug */ = {
			isa = XCBuildConfiguration;
			buildSettings = {
				ASSETCATALOG_COMPILER_APPICON_NAME = AppIcon;
				INFOPLIST_FILE = "Grub Buddies/Info.plist";
				LD_RUNPATH_SEARCH_PATHS = "$(inherited) @executable_path/Frameworks";
				PRODUCT_BUNDLE_IDENTIFIER = "com.2366portlanders.Grub-Buddies";
				PRODUCT_NAME = "$(TARGET_NAME)";
			};
			name = Debug;
		};
		3F7DDE5A1BF7BF750090E7E0 /* Release */ = {
			isa = XCBuildConfiguration;
			buildSettings = {
				ASSETCATALOG_COMPILER_APPICON_NAME = AppIcon;
				INFOPLIST_FILE = "Grub Buddies/Info.plist";
				LD_RUNPATH_SEARCH_PATHS = "$(inherited) @executable_path/Frameworks";
				PRODUCT_BUNDLE_IDENTIFIER = "com.2366portlanders.Grub-Buddies";
				PRODUCT_NAME = "$(TARGET_NAME)";
			};
			name = Release;
		};
		3F7DDE5C1BF7BF750090E7E0 /* Debug */ = {
			isa = XCBuildConfiguration;
			buildSettings = {
				BUNDLE_LOADER = "$(TEST_HOST)";
				INFOPLIST_FILE = "Grub BuddiesTests/Info.plist";
				LD_RUNPATH_SEARCH_PATHS = "$(inherited) @executable_path/Frameworks @loader_path/Frameworks";
				PRODUCT_BUNDLE_IDENTIFIER = "com.2366portlanders.Grub-BuddiesTests";
				PRODUCT_NAME = "$(TARGET_NAME)";
				TEST_HOST = "$(BUILT_PRODUCTS_DIR)/Grub Buddies.app/Grub Buddies";
			};
			name = Debug;
		};
		3F7DDE5D1BF7BF750090E7E0 /* Release */ = {
			isa = XCBuildConfiguration;
			buildSettings = {
				BUNDLE_LOADER = "$(TEST_HOST)";
				INFOPLIST_FILE = "Grub BuddiesTests/Info.plist";
				LD_RUNPATH_SEARCH_PATHS = "$(inherited) @executable_path/Frameworks @loader_path/Frameworks";
				PRODUCT_BUNDLE_IDENTIFIER = "com.2366portlanders.Grub-BuddiesTests";
				PRODUCT_NAME = "$(TARGET_NAME)";
				TEST_HOST = "$(BUILT_PRODUCTS_DIR)/Grub Buddies.app/Grub Buddies";
			};
			name = Release;
		};
		3F7DDE5F1BF7BF750090E7E0 /* Debug */ = {
			isa = XCBuildConfiguration;
			buildSettings = {
				INFOPLIST_FILE = "Grub BuddiesUITests/Info.plist";
				LD_RUNPATH_SEARCH_PATHS = "$(inherited) @executable_path/Frameworks @loader_path/Frameworks";
				PRODUCT_BUNDLE_IDENTIFIER = "com.2366portlanders.Grub-BuddiesUITests";
				PRODUCT_NAME = "$(TARGET_NAME)";
				TEST_TARGET_NAME = "Grub Buddies";
				USES_XCTRUNNER = YES;
			};
			name = Debug;
		};
		3F7DDE601BF7BF750090E7E0 /* Release */ = {
			isa = XCBuildConfiguration;
			buildSettings = {
				INFOPLIST_FILE = "Grub BuddiesUITests/Info.plist";
				LD_RUNPATH_SEARCH_PATHS = "$(inherited) @executable_path/Frameworks @loader_path/Frameworks";
				PRODUCT_BUNDLE_IDENTIFIER = "com.2366portlanders.Grub-BuddiesUITests";
				PRODUCT_NAME = "$(TARGET_NAME)";
				TEST_TARGET_NAME = "Grub Buddies";
				USES_XCTRUNNER = YES;
			};
			name = Release;
		};
/* End XCBuildConfiguration section */

/* Begin XCConfigurationList section */
		3F7DDE2B1BF7BF750090E7E0 /* Build configuration list for PBXProject "Grub Buddies" */ = {
			isa = XCConfigurationList;
			buildConfigurations = (
				3F7DDE561BF7BF750090E7E0 /* Debug */,
				3F7DDE571BF7BF750090E7E0 /* Release */,
			);
			defaultConfigurationIsVisible = 0;
			defaultConfigurationName = Release;
		};
		3F7DDE581BF7BF750090E7E0 /* Build configuration list for PBXNativeTarget "Grub Buddies" */ = {
			isa = XCConfigurationList;
			buildConfigurations = (
				3F7DDE591BF7BF750090E7E0 /* Debug */,
				3F7DDE5A1BF7BF750090E7E0 /* Release */,
			);
			defaultConfigurationIsVisible = 0;
		};
		3F7DDE5B1BF7BF750090E7E0 /* Build configuration list for PBXNativeTarget "Grub BuddiesTests" */ = {
			isa = XCConfigurationList;
			buildConfigurations = (
				3F7DDE5C1BF7BF750090E7E0 /* Debug */,
				3F7DDE5D1BF7BF750090E7E0 /* Release */,
			);
			defaultConfigurationIsVisible = 0;
		};
		3F7DDE5E1BF7BF750090E7E0 /* Build configuration list for PBXNativeTarget "Grub BuddiesUITests" */ = {
			isa = XCConfigurationList;
			buildConfigurations = (
				3F7DDE5F1BF7BF750090E7E0 /* Debug */,
				3F7DDE601BF7BF750090E7E0 /* Release */,
			);
			defaultConfigurationIsVisible = 0;
		};
/* End XCConfigurationList section */
	};
	rootObject = 3F7DDE281BF7BF750090E7E0 /* Project object */;
}
